
Microsoft Visual Studio Solution File, Format Version 12.00
# Visual Studio Version 17
VisualStudioVersion = 17.13.35825.156 d17.13
MinimumVisualStudioVersion = 10.0.40219.1
Project("{FAE04EC0-301F-11D3-BF4B-00C04F79EFBC}") = "API", "API\API.csproj", "{FB106077-C340-4FD0-8AB9-24C3AFF10CD8}"
EndProject
Project("{2150E333-8FDC-42A3-9474-1A3956D46DE8}") = "Itens de Solução", "Itens de Solução", "{380A7511-A354-6D7A-0CC0-8FA1F1BA7B6C}"
	ProjectSection(SolutionItems) = preProject
		railway.toml = railway.toml
	EndProjectSection
EndProject
Global
	GlobalSection(SolutionConfigurationPlatforms) = preSolution
		Debug|Any CPU = Debug|Any CPU
		Release|Any CPU = Release|Any CPU
	EndGlobalSection
	GlobalSection(ProjectConfigurationPlatforms) = postSolution
		{FB106077-C340-4FD0-8AB9-24C3AFF10CD8}.Debug|Any CPU.ActiveCfg = Debug|Any CPU
		{FB106077-C340-4FD0-8AB9-24C3AFF10CD8}.Debug|Any CPU.Build.0 = Debug|Any CPU
		{FB106077-C340-4FD0-8AB9-24C3AFF10CD8}.Release|Any CPU.ActiveCfg = Release|Any CPU
		{FB106077-C340-4FD0-8AB9-24C3AFF10CD8}.Release|Any CPU.Build.0 = Release|Any CPU
	EndGlobalSection
	GlobalSection(SolutionProperties) = preSolution
		HideSolutionNode = FALSE
	EndGlobalSection
	GlobalSection(ExtensibilityGlobals) = postSolution
		SolutionGuid = {20F1F5B5-668F-438D-A0AD-FF0D2ECF6094}
	EndGlobalSection
EndGlobal
